PODS:
  - Realm (10.38.3):
    - Realm/Headers (= 10.38.3)
  - Realm/Headers (10.38.3)
  - RealmSwift (10.38.3):
    - Realm (= 10.38.3)

DEPENDENCIES:
  - RealmSwift (~> 10)

SPEC REPOS:
  trunk:
    - Realm
    - RealmSwift

SPEC CHECKSUMS:
  Realm: 0bdb75abc37a5b80e814bf28268ecdd7c6a92d41
  RealmSwift: 9340d46aa1e711bce2cf70bd370ac3c48a9c6795

PODFILE CHECKSUM: c0948d25683824a565500b8635e4a01fc52d843a

COCOAPODS: 1.12.1
